
Microsoft Visual Studio Solution File, Format Version 12.00
# Visual Studio Version 17
VisualStudioVersion = 17.4.33213.308
MinimumVisualStudioVersion = 10.0.40219.1
Project("{FAE04EC0-301F-11D3-BF4B-00C04F79EFBC}") = "Dwall.VCard", "Dwall.VCard\Dwall.VCard.csproj", "{D31D214C-4DFA-4B34-B583-967F94C975DF}"
EndProject
Project("{FAE04EC0-301F-11D3-BF4B-00C04F79EFBC}") = "DWall.VCard.Tests", "DWall.VCard.Tests\DWall.VCard.Tests.csproj", "{0B8394F5-7951-4135-83BF-653F797DA35F}"
EndProject
Global
	GlobalSection(SolutionConfigurationPlatforms) = preSolution
		Debug|Any CPU = Debug|Any CPU
		Release|Any CPU = Release|Any CPU
	EndGlobalSection
	GlobalSection(ProjectConfigurationPlatforms) = postSolution
		{D31D214C-4DFA-4B34-B583-967F94C975DF}.Debug|Any CPU.ActiveCfg = Debug|Any CPU
		{D31D214C-4DFA-4B34-B583-967F94C975DF}.Debug|Any CPU.Build.0 = Debug|Any CPU
		{D31D214C-4DFA-4B34-B583-967F94C975DF}.Release|Any CPU.ActiveCfg = Release|Any CPU
		{D31D214C-4DFA-4B34-B583-967F94C975DF}.Release|Any CPU.Build.0 = Release|Any CPU
		{0B8394F5-7951-4135-83BF-653F797DA35F}.Debug|Any CPU.ActiveCfg = Debug|Any CPU
		{0B8394F5-7951-4135-83BF-653F797DA35F}.Debug|Any CPU.Build.0 = Debug|Any CPU
		{0B8394F5-7951-4135-83BF-653F797DA35F}.Release|Any CPU.ActiveCfg = Release|Any CPU
		{0B8394F5-7951-4135-83BF-653F797DA35F}.Release|Any CPU.Build.0 = Release|Any CPU
	EndGlobalSection
	GlobalSection(SolutionProperties) = preSolution
		HideSolutionNode = FALSE
	EndGlobalSection
	GlobalSection(ExtensibilityGlobals) = postSolution
		SolutionGuid = {5EB5B0E1-AB68-45D4-B402-BC04DBF09724}
	EndGlobalSection
EndGlobal
